
Microsoft Visual Studio Solution File, Format Version 12.00
# Visual Studio Version 17
VisualStudioVersion = 17.4.33110.190
MinimumVisualStudioVersion = 10.0.40219.1
Project("{FAE04EC0-301F-11D3-BF4B-00C04F79EFBC}") = "ApplicationCore", "ApplicationCore\ApplicationCore.csproj", "{50147FA3-CA00-48DC-8225-CE2CB9FCB33C}"
EndProject
Project("{FAE04EC0-301F-11D3-BF4B-00C04F79EFBC}") = "Infrastructure", "Infrastructure\Infrastructure.csproj", "{2C9B523F-6332-4CB7-B60E-7E6AB632141B}"
EndProject
Project("{FAE04EC0-301F-11D3-BF4B-00C04F79EFBC}") = "Api", "Api\Api.csproj", "{48E413F9-D554-45AF-A17D-3FDA0AF31D1E}"
EndProject
Global
	GlobalSection(SolutionConfigurationPlatforms) = preSolution
		Debug|Any CPU = Debug|Any CPU
		Release|Any CPU = Release|Any CPU
	EndGlobalSection
	GlobalSection(ProjectConfigurationPlatforms) = postSolution
		{50147FA3-CA00-48DC-8225-CE2CB9FCB33C}.Debug|Any CPU.ActiveCfg = Debug|Any CPU
		{50147FA3-CA00-48DC-8225-CE2CB9FCB33C}.Debug|Any CPU.Build.0 = Debug|Any CPU
		{50147FA3-CA00-48DC-8225-CE2CB9FCB33C}.Release|Any CPU.ActiveCfg = Release|Any CPU
		{50147FA3-CA00-48DC-8225-CE2CB9FCB33C}.Release|Any CPU.Build.0 = Release|Any CPU
		{2C9B523F-6332-4CB7-B60E-7E6AB632141B}.Debug|Any CPU.ActiveCfg = Debug|Any CPU
		{2C9B523F-6332-4CB7-B60E-7E6AB632141B}.Debug|Any CPU.Build.0 = Debug|Any CPU
		{2C9B523F-6332-4CB7-B60E-7E6AB632141B}.Release|Any CPU.ActiveCfg = Release|Any CPU
		{2C9B523F-6332-4CB7-B60E-7E6AB632141B}.Release|Any CPU.Build.0 = Release|Any CPU
		{48E413F9-D554-45AF-A17D-3FDA0AF31D1E}.Debug|Any CPU.ActiveCfg = Debug|Any CPU
		{48E413F9-D554-45AF-A17D-3FDA0AF31D1E}.Debug|Any CPU.Build.0 = Debug|Any CPU
		{48E413F9-D554-45AF-A17D-3FDA0AF31D1E}.Release|Any CPU.ActiveCfg = Release|Any CPU
		{48E413F9-D554-45AF-A17D-3FDA0AF31D1E}.Release|Any CPU.Build.0 = Release|Any CPU
	EndGlobalSection
	GlobalSection(SolutionProperties) = preSolution
		HideSolutionNode = FALSE
	EndGlobalSection
	GlobalSection(ExtensibilityGlobals) = postSolution
		SolutionGuid = {0E2D3984-6C30-4590-9651-31C4A25FB584}
	EndGlobalSection
EndGlobal
